# This file is automatically @generated by Cargo.
# It is not intended for manual editing.
version = 4

[[package]]
name = "rfconversions"
version = "0.3.0"
source = "registry+https://github.com/rust-lang/crates.io-index"
checksum = "9fd68be03cacc8509d214f6edd88e1fc9724866b18c77a92779f5bdc2e7b586a"

[[package]]
name = "touchstone"
version = "0.3.1"
dependencies = [
 "rfconversions",
]
